// !$*UTF8*$!
{
	archiveVersion = 1;
	classes = {
	};
	objectVersion = 46;
	objects = {

/* Begin PBXBuildFile section */
		E4E57C4B198CDD3600D84E94 /* Foundation.framework in Frameworks */ = {isa = PBXBuildFile; fileRef = E4E57C4A198CDD3600D84E94 /* Foundation.framework */; };
		E4E57C4D198CDD3600D84E94 /* CoreGraphics.framework in Frameworks */ = {isa = PBXBuildFile; fileRef = E4E57C4C198CDD3600D84E94 /* CoreGraphics.framework */; };
		E4E57C4F198CDD3600D84E94 /* UIKit.framework in Frameworks */ = {isa = PBXBuildFile; fileRef = E4E57C4E198CDD3600D84E94 /* UIKit.framework */; };
		E4E57C51198CDD3600D84E94 /* SpriteKit.framework in Frameworks */ = {isa = PBXBuildFile; fileRef = E4E57C50198CDD3600D84E94 /* SpriteKit.framework */; };
		E4E57C57198CDD3600D84E94 /* InfoPlist.strings in Resources */ = {isa = PBXBuildFile; fileRef = E4E57C55198CDD3600D84E94 /* InfoPlist.strings */; };
		E4E57C59198CDD3600D84E94 /* main.m in Sources */ = {isa = PBXBuildFile; fileRef = E4E57C58198CDD3600D84E94 /* main.m */; };
		E4E57C5D198CDD3600D84E94 /* AppDelegate.m in Sources */ = {isa = PBXBuildFile; fileRef = E4E57C5C198CDD3600D84E94 /* AppDelegate.m */; };
		E4E57C60198CDD3600D84E94 /* Main.storyboard in Resources */ = {isa = PBXBuildFile; fileRef = E4E57C5E198CDD3600D84E94 /* Main.storyboard */; };
		E4E57C63198CDD3600D84E94 /* ViewController.m in Sources */ = {isa = PBXBuildFile; fileRef = E4E57C62198CDD3600D84E94 /* ViewController.m */; };
		E4E57C66198CDD3600D84E94 /* MyScene.m in Sources */ = {isa = PBXBuildFile; fileRef = E4E57C65198CDD3600D84E94 /* MyScene.m */; };
		E4E57C68198CDD3600D84E94 /* Spaceship.png in Resources */ = {isa = PBXBuildFile; fileRef = E4E57C67198CDD3600D84E94 /* Spaceship.png */; };
		E4E57C6A198CDD3600D84E94 /* Images.xcassets in Resources */ = {isa = PBXBuildFile; fileRef = E4E57C69198CDD3600D84E94 /* Images.xcassets */; };
		E4E57C71198CDD3600D84E94 /* XCTest.framework in Frameworks */ = {isa = PBXBuildFile; fileRef = E4E57C70198CDD3600D84E94 /* XCTest.framework */; };
		E4E57C72198CDD3600D84E94 /* Foundation.framework in Frameworks */ = {isa = PBXBuildFile; fileRef = E4E57C4A198CDD3600D84E94 /* Foundation.framework */; };
		E4E57C73198CDD3600D84E94 /* UIKit.framework in Frameworks */ = {isa = PBXBuildFile; fileRef = E4E57C4E198CDD3600D84E94 /* UIKit.framework */; };
		E4E57C7B198CDD3600D84E94 /* InfoPlist.strings in Resources */ = {isa = PBXBuildFile; fileRef = E4E57C79198CDD3600D84E94 /* InfoPlist.strings */; };
		E4E57C7D198CDD3600D84E94 /* AirShipTests.m in Sources */ = {isa = PBXBuildFile; fileRef = E4E57C7C198CDD3600D84E94 /* AirShipTests.m */; };
/* End PBXBuildFile section */

/* Begin PBXContainerItemProxy section */
		E4E57C74198CDD3600D84E94 /* PBXContainerItemProxy */ = {
			isa = PBXContainerItemProxy;
			containerPortal = E4E57C3F198CDD3600D84E94 /* Project object */;
			proxyType = 1;
			remoteGlobalIDString = E4E57C46198CDD3600D84E94;
			remoteInfo = AirShip;
		};
/* End PBXContainerItemProxy section */

/* Begin PBXFileReference section */
		E4E57C47198CDD3600D84E94 /* AirShip.app */ = {isa = PBXFileReference; explicitFileType = wrapper.application; includeInIndex = 0; path = AirShip.app; sourceTree = BUILT_PRODUCTS_DIR; };
		E4E57C4A198CDD3600D84E94 /* Foundation.framework */ = {isa = PBXFileReference; lastKnownFileType = wrapper.framework; name = Foundation.framework; path = System/Library/Frameworks/Foundation.framework; sourceTree = SDKROOT; };
		E4E57C4C198CDD3600D84E94 /* CoreGraphics.framework */ = {isa = PBXFileReference; lastKnownFileType = wrapper.framework; name = CoreGraphics.framework; path = System/Library/Frameworks/CoreGraphics.framework; sourceTree = SDKROOT; };
		E4E57C4E198CDD3600D84E94 /* UIKit.framework */ = {isa = PBXFileReference; lastKnownFileType = wrapper.framework; name = UIKit.framework; path = System/Library/Frameworks/UIKit.framework; sourceTree = SDKROOT; };
		E4E57C50198CDD3600D84E94 /* SpriteKit.framework */ = {isa = PBXFileReference; lastKnownFileType = wrapper.framework; name = SpriteKit.framework; path = System/Library/Frameworks/SpriteKit.framework; sourceTree = SDKROOT; };
		E4E57C54198CDD3600D84E94 /* AirShip-Info.plist */ = {isa = PBXFileReference; lastKnownFileType = text.plist.xml; path = "AirShip-Info.plist"; sourceTree = "<group>"; };
		E4E57C56198CDD3600D84E94 /* en */ = {isa = PBXFileReference; lastKnownFileType = text.plist.strings; name = en; path = en.lproj/InfoPlist.strings; sourceTree = "<group>"; };
		E4E57C58198CDD3600D84E94 /* main.m */ = {isa = PBXFileReference; lastKnownFileType = sourcecode.c.objc; path = main.m; sourceTree = "<group>"; };
		E4E57C5A198CDD3600D84E94 /* AirShip-Prefix.pch */ = {isa = PBXFileReference; lastKnownFileType = sourcecode.c.h; path = "AirShip-Prefix.pch"; sourceTree = "<group>"; };
		E4E57C5B198CDD3600D84E94 /* AppDelegate.h */ = {isa = PBXFileReference; lastKnownFileType = sourcecode.c.h; path = AppDelegate.h; sourceTree = "<group>"; };
		E4E57C5C198CDD3600D84E94 /* AppDelegate.m */ = {isa = PBXFileReference; lastKnownFileType = sourcecode.c.objc; path = AppDelegate.m; sourceTree = "<group>"; };
		E4E57C5F198CDD3600D84E94 /* Base */ = {isa = PBXFileReference; lastKnownFileType = file.storyboard; name = Base; path = Base.lproj/Main.storyboard; sourceTree = "<group>"; };
		E4E57C61198CDD3600D84E94 /* ViewController.h */ = {isa = PBXFileReference; lastKnownFileType = sourcecode.c.h; path = ViewController.h; sourceTree = "<group>"; };
		E4E57C62198CDD3600D84E94 /* ViewController.m */ = {isa = PBXFileReference; lastKnownFileType = sourcecode.c.objc; path = ViewController.m; sourceTree = "<group>"; };
		E4E57C64198CDD3600D84E94 /* MyScene.h */ = {isa = PBXFileReference; lastKnownFileType = sourcecode.c.h; path = MyScene.h; sourceTree = "<group>"; };
		E4E57C65198CDD3600D84E94 /* MyScene.m */ = {isa = PBXFileReference; lastKnownFileType = sourcecode.c.objc; path = MyScene.m; sourceTree = "<group>"; };
		E4E57C67198CDD3600D84E94 /* Spaceship.png */ = {isa = PBXFileReference; lastKnownFileType = image.png; path = Spaceship.png; sourceTree = "<group>"; };
		E4E57C69198CDD3600D84E94 /* Images.xcassets */ = {isa = PBXFileReference; lastKnownFileType = folder.assetcatalog; path = Images.xcassets; sourceTree = "<group>"; };
		E4E57C6F198CDD3600D84E94 /* AirShipTests.xctest */ = {isa = PBXFileReference; explicitFileType = wrapper.cfbundle; includeInIndex = 0; path = AirShipTests.xctest; sourceTree = BUILT_PRODUCTS_DIR; };
		E4E57C70198CDD3600D84E94 /* XCTest.framework */ = {isa = PBXFileReference; lastKnownFileType = wrapper.framework; name = XCTest.framework; path = Library/Frameworks/XCTest.framework; sourceTree = DEVELOPER_DIR; };
		E4E57C78198CDD3600D84E94 /* AirShipTests-Info.plist */ = {isa = PBXFileReference; lastKnownFileType = text.plist.xml; path = "AirShipTests-Info.plist"; sourceTree = "<group>"; };
		E4E57C7A198CDD3600D84E94 /* en */ = {isa = PBXFileReference; lastKnownFileType = text.plist.strings; name = en; path = en.lproj/InfoPlist.strings; sourceTree = "<group>"; };
		E4E57C7C198CDD3600D84E94 /* AirShipTests.m */ = {isa = PBXFileReference; lastKnownFileType = sourcecode.c.objc; path = AirShipTests.m; sourceTree = "<group>"; };
/* End PBXFileReference section */

/* Begin PBXFrameworksBuildPhase section */
		E4E57C44198CDD3600D84E94 /* Frameworks */ = {
			isa = PBXFrameworksBuildPhase;
			buildActionMask = 2147483647;
			files = (
				E4E57C4D198CDD3600D84E94 /* CoreGraphics.framework in Frameworks */,
				E4E57C4F198CDD3600D84E94 /* UIKit.framework in Frameworks */,
				E4E57C51198CDD3600D84E94 /* SpriteKit.framework in Frameworks */,
				E4E57C4B198CDD3600D84E94 /* Foundation.framework in Frameworks */,
			);
			runOnlyForDeploymentPostprocessing = 0;
		};
		E4E57C6C198CDD3600D84E94 /* Frameworks */ = {
			isa = PBXFrameworksBuildPhase;
			buildActionMask = 2147483647;
			files = (
				E4E57C71198CDD3600D84E94 /* XCTest.framework in Frameworks */,
				E4E57C73198CDD3600D84E94 /* UIKit.framework in Frameworks */,
				E4E57C72198CDD3600D84E94 /* Foundation.framework in Frameworks */,
			);
			runOnlyForDeploymentPostprocessing = 0;
		};
/* End PBXFrameworksBuildPhase section */

/* Begin PBXGroup section */
		E4E57C3E198CDD3600D84E94 = {
			isa = PBXGroup;
			children = (
				E4E57C52198CDD3600D84E94 /* AirShip */,
				E4E57C76198CDD3600D84E94 /* AirShipTests */,
				E4E57C49198CDD3600D84E94 /* Frameworks */,
				E4E57C48198CDD3600D84E94 /* Products */,
			);
			sourceTree = "<group>";
		};
		E4E57C48198CDD3600D84E94 /* Products */ = {
			isa = PBXGroup;
			children = (
				E4E57C47198CDD3600D84E94 /* AirShip.app */,
				E4E57C6F198CDD3600D84E94 /* AirShipTests.xctest */,
			);
			name = Products;
			sourceTree = "<group>";
		};
		E4E57C49198CDD3600D84E94 /* Frameworks */ = {
			isa = PBXGroup;
			children = (
				E4E57C4A198CDD3600D84E94 /* Foundation.framework */,
				E4E57C4C198CDD3600D84E94 /* CoreGraphics.framework */,
				E4E57C4E198CDD3600D84E94 /* UIKit.framework */,
				E4E57C50198CDD3600D84E94 /* SpriteKit.framework */,
				E4E57C70198CDD3600D84E94 /* XCTest.framework */,
			);
			name = Frameworks;
			sourceTree = "<group>";
		};
		E4E57C52198CDD3600D84E94 /* AirShip */ = {
			isa = PBXGroup;
			children = (
				E4E57C5B198CDD3600D84E94 /* AppDelegate.h */,
				E4E57C5C198CDD3600D84E94 /* AppDelegate.m */,
				E4E57C5E198CDD3600D84E94 /* Main.storyboard */,
				E4E57C61198CDD3600D84E94 /* ViewController.h */,
				E4E57C62198CDD3600D84E94 /* ViewController.m */,
				E4E57C64198CDD3600D84E94 /* MyScene.h */,
				E4E57C65198CDD3600D84E94 /* MyScene.m */,
				E4E57C67198CDD3600D84E94 /* Spaceship.png */,
				E4E57C69198CDD3600D84E94 /* Images.xcassets */,
				E4E57C53198CDD3600D84E94 /* Supporting Files */,
			);
			path = AirShip;
			sourceTree = "<group>";
		};
		E4E57C53198CDD3600D84E94 /* Supporting Files */ = {
			isa = PBXGroup;
			children = (
				E4E57C54198CDD3600D84E94 /* AirShip-Info.plist */,
				E4E57C55198CDD3600D84E94 /* InfoPlist.strings */,
				E4E57C58198CDD3600D84E94 /* main.m */,
				E4E57C5A198CDD3600D84E94 /* AirShip-Prefix.pch */,
			);
			name = "Supporting Files";
			sourceTree = "<group>";
		};
		E4E57C76198CDD3600D84E94 /* AirShipTests */ = {
			isa = PBXGroup;
			children = (
				E4E57C7C198CDD3600D84E94 /* AirShipTests.m */,
				E4E57C77198CDD3600D84E94 /* Supporting Files */,
			);
			path = AirShipTests;
			sourceTree = "<group>";
		};
		E4E57C77198CDD3600D84E94 /* Supporting Files */ = {
			isa = PBXGroup;
			children = (
				E4E57C78198CDD3600D84E94 /* AirShipTests-Info.plist */,
				E4E57C79198CDD3600D84E94 /* InfoPlist.strings */,
			);
			name = "Supporting Files";
			sourceTree = "<group>";
		};
/* End PBXGroup section */

/* Begin PBXNativeTarget section */
		E4E57C46198CDD3600D84E94 /* AirShip */ = {
			isa = PBXNativeTarget;
			buildConfigurationList = E4E57C80198CDD3600D84E94 /* Build configuration list for PBXNativeTarget "AirShip" */;
			buildPhases = (
				E4E57C43198CDD3600D84E94 /* Sources */,
				E4E57C44198CDD3600D84E94 /* Frameworks */,
				E4E57C45198CDD3600D84E94 /* Resources */,
			);
			buildRules = (
			);
			dependencies = (
			);
			name = AirShip;
			productName = AirShip;
			productReference = E4E57C47198CDD3600D84E94 /* AirShip.app */;
			productType = "com.apple.product-type.application";
		};
		E4E57C6E198CDD3600D84E94 /* AirShipTests */ = {
			isa = PBXNativeTarget;
			buildConfigurationList = E4E57C83198CDD3600D84E94 /* Build configuration list for PBXNativeTarget "AirShipTests" */;
			buildPhases = (
				E4E57C6B198CDD3600D84E94 /* Sources */,
				E4E57C6C198CDD3600D84E94 /* Frameworks */,
				E4E57C6D198CDD3600D84E94 /* Resources */,
			);
			buildRules = (
			);
			dependencies = (
				E4E57C75198CDD3600D84E94 /* PBXTargetDependency */,
			);
			name = AirShipTests;
			productName = AirShipTests;
			productReference = E4E57C6F198CDD3600D84E94 /* AirShipTests.xctest */;
			productType = "com.apple.product-type.bundle.unit-test";
		};
/* End PBXNativeTarget section */

/* Begin PBXProject section */
		E4E57C3F198CDD3600D84E94 /* Project object */ = {
			isa = PBXProject;
			attributes = {
				LastUpgradeCheck = 0510;
				ORGANIZATIONNAME = "___FULLUSERNAME___";
				TargetAttributes = {
					E4E57C6E198CDD3600D84E94 = {
						TestTargetID = E4E57C46198CDD3600D84E94;
					};
				};
			};
			buildConfigurationList = E4E57C42198CDD3600D84E94 /* Build configuration list for PBXProject "AirShip" */;
			compatibilityVersion = "Xcode 3.2";
			developmentRegion = English;
			hasScannedForEncodings = 0;
			knownRegions = (
				en,
				Base,
			);
			mainGroup = E4E57C3E198CDD3600D84E94;
			productRefGroup = E4E57C48198CDD3600D84E94 /* Products */;
			projectDirPath = "";
			projectRoot = "";
			targets = (
				E4E57C46198CDD3600D84E94 /* AirShip */,
				E4E57C6E198CDD3600D84E94 /* AirShipTests */,
			);
		};
/* End PBXProject section */

/* Begin PBXResourcesBuildPhase section */
		E4E57C45198CDD3600D84E94 /* Resources */ = {
			isa = PBXResourcesBuildPhase;
			buildActionMask = 2147483647;
			files = (
				E4E57C57198CDD3600D84E94 /* InfoPlist.strings in Resources */,
				E4E57C6A198CDD3600D84E94 /* Images.xcassets in Resources */,
				E4E57C68198CDD3600D84E94 /* Spaceship.png in Resources */,
				E4E57C60198CDD3600D84E94 /* Main.storyboard in Resources */,
			);
			runOnlyForDeploymentPostprocessing = 0;
		};
		E4E57C6D198CDD3600D84E94 /* Resources */ = {
			isa = PBXResourcesBuildPhase;
			buildActionMask = 2147483647;
			files = (
				E4E57C7B198CDD3600D84E94 /* InfoPlist.strings in Resources */,
			);
			runOnlyForDeploymentPostprocessing = 0;
		};
/* End PBXResourcesBuildPhase section */

/* Begin PBXSourcesBuildPhase section */
		E4E57C43198CDD3600D84E94 /* Sources */ = {
			isa = PBXSourcesBuildPhase;
			buildActionMask = 2147483647;
			files = (
				E4E57C66198CDD3600D84E94 /* MyScene.m in Sources */,
				E4E57C63198CDD3600D84E94 /* ViewController.m in Sources */,
				E4E57C5D198CDD3600D84E94 /* AppDelegate.m in Sources */,
				E4E57C59198CDD3600D84E94 /* main.m in Sources */,
			);
			runOnlyForDeploymentPostprocessing = 0;
		};
		E4E57C6B198CDD3600D84E94 /* Sources */ = {
			isa = PBXSourcesBuildPhase;
			buildActionMask = 2147483647;
			files = (
				E4E57C7D198CDD3600D84E94 /* AirShipTests.m in Sources */,
			);
			runOnlyForDeploymentPostprocessing = 0;
		};
/* End PBXSourcesBuildPhase section */

/* Begin PBXTargetDependency section */
		E4E57C75198CDD3600D84E94 /* PBXTargetDependency */ = {
			isa = PBXTargetDependency;
			target = E4E57C46198CDD3600D84E94 /* AirShip */;
			targetProxy = E4E57C74198CDD3600D84E94 /* PBXContainerItemProxy */;
		};
/* End PBXTargetDependency section */

/* Begin PBXVariantGroup section */
		E4E57C55198CDD3600D84E94 /* InfoPlist.strings */ = {
			isa = PBXVariantGroup;
			children = (
				E4E57C56198CDD3600D84E94 /* en */,
			);
			name = InfoPlist.strings;
			sourceTree = "<group>";
		};
		E4E57C5E198CDD3600D84E94 /* Main.storyboard */ = {
			isa = PBXVariantGroup;
			children = (
				E4E57C5F198CDD3600D84E94 /* Base */,
			);
			name = Main.storyboard;
			sourceTree = "<group>";
		};
		E4E57C79198CDD3600D84E94 /* InfoPlist.strings */ = {
			isa = PBXVariantGroup;
			children = (
				E4E57C7A198CDD3600D84E94 /* en */,
			);
			name = InfoPlist.strings;
			sourceTree = "<group>";
		};
/* End PBXVariantGroup section */

/* Begin XCBuildConfiguration section */
		E4E57C7E198CDD3600D84E94 /* Debug */ = {
			isa = XCBuildConfiguration;
			buildSettings = {
				ALWAYS_SEARCH_USER_PATHS = NO;
				CLANG_CXX_LANGUAGE_STANDARD = "gnu++0x";
				CLANG_CXX_LIBRARY = "libc++";
				CLANG_ENABLE_MODULES = YES;
				CLANG_ENABLE_OBJC_ARC = YES;
				CLANG_WARN_BOOL_CONVERSION = YES;
				CLANG_WARN_CONSTANT_CONVERSION = YES;
				CLANG_WARN_DIRECT_OBJC_ISA_USAGE = YES_ERROR;
				CLANG_WARN_EMPTY_BODY = YES;
				CLANG_WARN_ENUM_CONVERSION = YES;
				CLANG_WARN_INT_CONVERSION = YES;
				CLANG_WARN_OBJC_ROOT_CLASS = YES_ERROR;
				CLANG_WARN__DUPLICATE_METHOD_MATCH = YES;
				"CODE_SIGN_IDENTITY[sdk=iphoneos*]" = "iPhone Developer";
				COPY_PHASE_STRIP = NO;
				GCC_C_LANGUAGE_STANDARD = gnu99;
				GCC_DYNAMIC_NO_PIC = NO;
				GCC_OPTIMIZATION_LEVEL = 0;
				GCC_PREPROCESSOR_DEFINITIONS = (
					"DEBUG=1",
					"$(inherited)",
				);
				GCC_SYMBOLS_PRIVATE_EXTERN = NO;
				GCC_WARN_64_TO_32_BIT_CONVERSION = YES;
				GCC_WARN_ABOUT_RETURN_TYPE = YES_ERROR;
				GCC_WARN_UNDECLARED_SELECTOR = YES;
				GCC_WARN_UNINITIALIZED_AUTOS = YES_AGGRESSIVE;
				GCC_WARN_UNUSED_FUNCTION = YES;
				GCC_WARN_UNUSED_VARIABLE = YES;
				IPHONEOS_DEPLOYMENT_TARGET = 7.1;
				ONLY_ACTIVE_ARCH = YES;
				SDKROOT = iphoneos;
			};
			name = Debug;
		};
		E4E57C7F198CDD3600D84E94 /* Release */ = {
			isa = XCBuildConfiguration;
			buildSettings = {
				ALWAYS_SEARCH_USER_PATHS = NO;
				CLANG_CXX_LANGUAGE_STANDARD = "gnu++0x";
				CLANG_CXX_LIBRARY = "libc++";
				CLANG_ENABLE_MODULES = YES;
				CLANG_ENABLE_OBJC_ARC = YES;
				CLANG_WARN_BOOL_CONVERSION = YES;
				CLANG_WARN_CONSTANT_CONVERSION = YES;
				CLANG_WARN_DIRECT_OBJC_ISA_USAGE = YES_ERROR;
				CLANG_WARN_EMPTY_BODY = YES;
				CLANG_WARN_ENUM_CONVERSION = YES;
				CLANG_WARN_INT_CONVERSION = YES;
				CLANG_WARN_OBJC_ROOT_CLASS = YES_ERROR;
				CLANG_WARN__DUPLICATE_METHOD_MATCH = YES;
				"CODE_SIGN_IDENTITY[sdk=iphoneos*]" = "iPhone Developer";
				COPY_PHASE_STRIP = YES;
				ENABLE_NS_ASSERTIONS = NO;
				GCC_C_LANGUAGE_STANDARD = gnu99;
				GCC_WARN_64_TO_32_BIT_CONVERSION = YES;
				GCC_WARN_ABOUT_RETURN_TYPE = YES_ERROR;
				GCC_WARN_UNDECLARED_SELECTOR = YES;
				GCC_WARN_UNINITIALIZED_AUTOS = YES_AGGRESSIVE;
				GCC_WARN_UNUSED_FUNCTION = YES;
				GCC_WARN_UNUSED_VARIABLE = YES;
				IPHONEOS_DEPLOYMENT_TARGET = 7.1;
				SDKROOT = iphoneos;
				VALIDATE_PRODUCT = YES;
			};
			name = Release;
		};
		E4E57C81198CDD3600D84E94 /* Debug */ = {
			isa = XCBuildConfiguration;
			buildSettings = {
				ASSETCATALOG_COMPILER_APPICON_NAME = AppIcon;
				ASSETCATALOG_COMPILER_LAUNCHIMAGE_NAME = LaunchImage;
				GCC_PRECOMPILE_PREFIX_HEADER = YES;
				GCC_PREFIX_HEADER = "AirShip/AirShip-Prefix.pch";
				INFOPLIST_FILE = "AirShip/AirShip-Info.plist";
				PRODUCT_NAME = "$(TARGET_NAME)";
				SPRITEKIT_TEXTURE_ATLAS_OUTPUT = YES;
				WRAPPER_EXTENSION = app;
			};
			name = Debug;
		};
		E4E57C82198CDD3600D84E94 /* Release */ = {
			isa = XCBuildConfiguration;
			buildSettings = {
				ASSETCATALOG_COMPILER_APPICON_NAME = AppIcon;
				ASSETCATALOG_COMPILER_LAUNCHIMAGE_NAME = LaunchImage;
				GCC_PRECOMPILE_PREFIX_HEADER = YES;
				GCC_PREFIX_HEADER = "AirShip/AirShip-Prefix.pch";
				INFOPLIST_FILE = "AirShip/AirShip-Info.plist";
				PRODUCT_NAME = "$(TARGET_NAME)";
				SPRITEKIT_TEXTURE_ATLAS_OUTPUT = YES;
				WRAPPER_EXTENSION = app;
			};
			name = Release;
		};
		E4E57C84198CDD3600D84E94 /* Debug */ = {
			isa = XCBuildConfiguration;
			buildSettings = {
				BUNDLE_LOADER = "$(BUILT_PRODUCTS_DIR)/AirShip.app/AirShip";
				FRAMEWORK_SEARCH_PATHS = (
					"$(SDKROOT)/Developer/Library/Frameworks",
					"$(inherited)",
					"$(DEVELOPER_FRAMEWORKS_DIR)",
				);
				GCC_PRECOMPILE_PREFIX_HEADER = YES;
				GCC_PREFIX_HEADER = "AirShip/AirShip-Prefix.pch";
				GCC_PREPROCESSOR_DEFINITIONS = (
					"DEBUG=1",
					"$(inherited)",
				);
				INFOPLIST_FILE = "AirShipTests/AirShipTests-Info.plist";
				PRODUCT_NAME = "$(TARGET_NAME)";
				TEST_HOST = "$(BUNDLE_LOADER)";
				WRAPPER_EXTENSION = xctest;
			};
			name = Debug;
		};
		E4E57C85198CDD3600D84E94 /* Release */ = {
			isa = XCBuildConfiguration;
			buildSettings = {
				BUNDLE_LOADER = "$(BUILT_PRODUCTS_DIR)/AirShip.app/AirShip";
				FRAMEWORK_SEARCH_PATHS = (
					"$(SDKROOT)/Developer/Library/Frameworks",
					"$(inherited)",
					"$(DEVELOPER_FRAMEWORKS_DIR)",
				);
				GCC_PRECOMPILE_PREFIX_HEADER = YES;
				GCC_PREFIX_HEADER = "AirShip/AirShip-Prefix.pch";
				INFOPLIST_FILE = "AirShipTests/AirShipTests-Info.plist";
				PRODUCT_NAME = "$(TARGET_NAME)";
				TEST_HOST = "$(BUNDLE_LOADER)";
				WRAPPER_EXTENSION = xctest;
			};
			name = Release;
		};
/* End XCBuildConfiguration section */

/* Begin XCConfigurationList section */
		E4E57C42198CDD3600D84E94 /* Build configuration list for PBXProject "AirShip" */ = {
			isa = XCConfigurationList;
			buildConfigurations = (
				E4E57C7E198CDD3600D84E94 /* Debug */,
				E4E57C7F198CDD3600D84E94 /* Release */,
			);
			defaultConfigurationIsVisible = 0;
			defaultConfigurationName = Release;
		};
		E4E57C80198CDD3600D84E94 /* Build configuration list for PBXNativeTarget "AirShip" */ = {
			isa = XCConfigurationList;
			buildConfigurations = (
				E4E57C81198CDD3600D84E94 /* Debug */,
				E4E57C82198CDD3600D84E94 /* Release */,
			);
			defaultConfigurationIsVisible = 0;
		};
		E4E57C83198CDD3600D84E94 /* Build configuration list for PBXNativeTarget "AirShipTests" */ = {
			isa = XCConfigurationList;
			buildConfigurations = (
				E4E57C84198CDD3600D84E94 /* Debug */,
				E4E57C85198CDD3600D84E94 /* Release */,
			);
			defaultConfigurationIsVisible = 0;
		};
/* End XCConfigurationList section */
	};
	rootObject = E4E57C3F198CDD3600D84E94 /* Project object */;
}
